<?xml version="1.0" encoding="utf-8"?>
<Project ToolsVersion="4.0" xmlns="http://schemas.microsoft.com/developer/msbuild/2003">
  <ItemGroup>
    <Filter Include="Source Files">
      <UniqueIdentifier>{4FC737F1-C7A5-4376-A066-2A32D752A2FF}</UniqueIdentifier>
      <Extensions>cpp;c;cc;cxx;c++;cppm;ixx;def;odl;idl;hpj;bat;asm;asmx</Extensions>
    </Filter>
    <Filter Include="Header Files">
      <UniqueIdentifier>{93995380-89BD-4b04-88EB-625FBE52EBFB}</UniqueIdentifier>
      <Extensions>h;hh;hpp;hxx;h++;hm;inl;inc;ipp;xsd</Extensions>
    </Filter>
    <Filter Include="Resource Files">
      <UniqueIdentifier>{67DA6AB6-F800-4c08-8B7A-83BB121AAD01}</UniqueIdentifier>
      <Extensions>rc;ico;cur;bmp;dlg;rc2;rct;bin;rgs;gif;jpg;jpeg;jpe;resx;tiff;tif;png;wav;mfcribbon-ms</Extensions>
    </Filter>
  </ItemGroup>
  <ItemGroup>
    <ClCompile Include="src\game.c">
      <Filter>Source Files</Filter>
    </ClCompile>
    <ClCompile Include="src\object.c">
      <Filter>Source Files</Filter>
    </ClCompile>
    <ClCompile Include="src\random.c">
      <Filter>Source Files</Filter>
    </ClCompile>
    <ClCompile Include="src\objmgr.c">
      <Filter>Source Files</Filter>
    </ClCompile>
    <ClCompile Include="src\Level.c">
      <Filter>Source Files</Filter>
    </ClCompile>
    <ClCompile Include="src\Tile.c">
      <Filter>Source Files</Filter>
    </ClCompile>
    <ClCompile Include="src\WallTile.c">
      <Filter>Source Files</Filter>
    </ClCompile>
    <ClCompile Include="src\ExitTile.c">
      <Filter>Source Files</Filter>
    </ClCompile>
    <ClCompile Include="src\Entity.c">
      <Filter>Source Files</Filter>
    </ClCompile>
    <ClCompile Include="src\Player.c">
      <Filter>Source Files</Filter>
    </ClCompile>
    <ClCompile Include="src\Projectile.c">
      <Filter>Source Files</Filter>
    </ClCompile>
    <ClCompile Include="src\Enemy.c">
      <Filter>Source Files</Filter>
    </ClCompile>
    <ClCompile Include="src\EnemySpawner.c">
      <Filter>Source Files</Filter>
    </ClCompile>
    <ClCompile Include="src\Astar.c">
      <Filter>Source Files</Filter>
    </ClCompile>
    <ClCompile Include="src\GroundTile.c">
      <Filter>Source Files</Filter>
    </ClCompile>
    <ClCompile Include="src\Key.c">
      <Filter>Source Files</Filter>
    </ClCompile>
    <ClCompile Include="src\Treasure.c">
      <Filter>Source Files</Filter>
    </ClCompile>
    <ClCompile Include="src\Food.c">
      <Filter>Source Files</Filter>
    </ClCompile>
    <ClCompile Include="src\Potion.c">
      <Filter>Source Files</Filter>
    </ClCompile>
    <ClCompile Include="src\Door.c">
      <Filter>Source Files</Filter>
    </ClCompile>
    <ClCompile Include="src\DeathSpawner.c">
      <Filter>Source Files</Filter>
    </ClCompile>
    <ClCompile Include="src\UIManager.c">
      <Filter>Source Files</Filter>
    </ClCompile>
  </ItemGroup>
  <ItemGroup>
    <ClInclude Include="include\object.h">
      <Filter>Header Files</Filter>
    </ClInclude>
    <ClInclude Include="include\random.h">
      <Filter>Header Files</Filter>
    </ClInclude>
    <ClInclude Include="include\objmgr.h">
      <Filter>Header Files</Filter>
    </ClInclude>
    <ClInclude Include="include\Level.h">
      <Filter>Header Files</Filter>
    </ClInclude>
    <ClInclude Include="include\Tile.h">
      <Filter>Header Files</Filter>
    </ClInclude>
    <ClInclude Include="include\WallTile.h">
      <Filter>Header Files</Filter>
    </ClInclude>
    <ClInclude Include="include\ExitTile.h">
      <Filter>Header Files</Filter>
    </ClInclude>
    <ClInclude Include="include\Entity.h">
      <Filter>Header Files</Filter>
    </ClInclude>
    <ClInclude Include="include\Player.h">
      <Filter>Header Files</Filter>
    </ClInclude>
    <ClInclude Include="include\Projectile.h">
      <Filter>Header Files</Filter>
    </ClInclude>
    <ClInclude Include="include\defs.h">
      <Filter>Header Files</Filter>
    </ClInclude>
    <ClInclude Include="include\Enemy.h">
      <Filter>Header Files</Filter>
    </ClInclude>
    <ClInclude Include="include\EnemySpawner.h">
      <Filter>Header Files</Filter>
    </ClInclude>
    <ClInclude Include="include\Astar.h">
      <Filter>Header Files</Filter>
    </ClInclude>
    <ClInclude Include="include\GroundTile.h">
      <Filter>Header Files</Filter>
    </ClInclude>
    <ClInclude Include="include\Key.h">
      <Filter>Header Files</Filter>
    </ClInclude>
    <ClInclude Include="include\Treasure.h">
      <Filter>Header Files</Filter>
    </ClInclude>
    <ClInclude Include="include\Food.h">
      <Filter>Header Files</Filter>
    </ClInclude>
    <ClInclude Include="include\Potion.h">
      <Filter>Header Files</Filter>
    </ClInclude>
    <ClInclude Include="include\Door.h">
      <Filter>Header Files</Filter>
    </ClInclude>
    <ClInclude Include="include\DeathSpawner.h">
      <Filter>Header Files</Filter>
    </ClInclude>
    <ClInclude Include="include\UIManager.h">
      <Filter>Header Files</Filter>
    </ClInclude>
  </ItemGroup>
  <ItemGroup>
    <Xml Include="asset\connectionmap.xml" />
    <Xml Include="asset\connections.xml" />
    <Xml Include="asset\settings.xml" />
  </ItemGroup>
  <ItemGroup>
    <Image Include="asset\collectibles_spritesheet.png">
      <Filter>Resource Files</Filter>
    </Image>
  </ItemGroup>
</Project>